
Microsoft Visual Studio Solution File, Format Version 12.00
# Visual Studio Version 17
VisualStudioVersion = 17.10.34928.147
MinimumVisualStudioVersion = 10.0.40219.1
Project("{FAE04EC0-301F-11D3-BF4B-00C04F79EFBC}") = "ATM_Application", "ATM_Application\ATM_Application.csproj", "{8B01E18F-C49A-4282-A38F-4BFAD09B043F}"
EndProject
Global
	GlobalSection(SolutionConfigurationPlatforms) = preSolution
		Debug|Any CPU = Debug|Any CPU
		Release|Any CPU = Release|Any CPU
	EndGlobalSection
	GlobalSection(ProjectConfigurationPlatforms) = postSolution
		{8B01E18F-C49A-4282-A38F-4BFAD09B043F}.Debug|Any CPU.ActiveCfg = Debug|Any CPU
		{8B01E18F-C49A-4282-A38F-4BFAD09B043F}.Debug|Any CPU.Build.0 = Debug|Any CPU
		{8B01E18F-C49A-4282-A38F-4BFAD09B043F}.Release|Any CPU.ActiveCfg = Release|Any CPU
		{8B01E18F-C49A-4282-A38F-4BFAD09B043F}.Release|Any CPU.Build.0 = Release|Any CPU
	EndGlobalSection
	GlobalSection(SolutionProperties) = preSolution
		HideSolutionNode = FALSE
	EndGlobalSection
	GlobalSection(ExtensibilityGlobals) = postSolution
		SolutionGuid = {7A95BFF9-C280-48F9-B9D0-CBFEEC8EF437}
	EndGlobalSection
EndGlobal
